
Microsoft Visual Studio Solution File, Format Version 12.00
# Visual Studio Version 16
VisualStudioVersion = 16.0.30114.105
MinimumVisualStudioVersion = 10.0.40219.1
Project("{2150E333-8FDC-42A3-9474-1A3956D46DE8}") = "FrontEnd", "FrontEnd", "{2A7F2171-2C79-4968-921F-967811CD07B9}"
EndProject
Project("{FAE04EC0-301F-11D3-BF4B-00C04F79EFBC}") = "GeekShopping.Web", "GeekShopping.Web\GeekShopping.Web.csproj", "{31CEFA69-ABF1-489F-BB0F-C53FF5B671F1}"
EndProject
Project("{2150E333-8FDC-42A3-9474-1A3956D46DE8}") = "Services", "Services", "{E28EE7E0-E1E0-4EB8-A883-82DD32D56469}"
EndProject
Project("{FAE04EC0-301F-11D3-BF4B-00C04F79EFBC}") = "GeekShopping.ProductAPI", "GeekShopping.ProductAPI\GeekShopping.ProductAPI.csproj", "{52E587FB-15FC-40C4-A306-791207ED0DD1}"
EndProject
Global
	GlobalSection(SolutionProperties) = preSolution
		HideSolutionNode = FALSE
	EndGlobalSection
	GlobalSection(SolutionConfigurationPlatforms) = preSolution
		Debug|Any CPU = Debug|Any CPU
		Debug|x64 = Debug|x64
		Debug|x86 = Debug|x86
		Release|Any CPU = Release|Any CPU
		Release|x64 = Release|x64
		Release|x86 = Release|x86
	EndGlobalSection
	GlobalSection(ProjectConfigurationPlatforms) = postSolution
		{31CEFA69-ABF1-489F-BB0F-C53FF5B671F1}.Debug|Any CPU.ActiveCfg = Debug|Any CPU
		{31CEFA69-ABF1-489F-BB0F-C53FF5B671F1}.Debug|Any CPU.Build.0 = Debug|Any CPU
		{31CEFA69-ABF1-489F-BB0F-C53FF5B671F1}.Debug|x64.ActiveCfg = Debug|Any CPU
		{31CEFA69-ABF1-489F-BB0F-C53FF5B671F1}.Debug|x64.Build.0 = Debug|Any CPU
		{31CEFA69-ABF1-489F-BB0F-C53FF5B671F1}.Debug|x86.ActiveCfg = Debug|Any CPU
		{31CEFA69-ABF1-489F-BB0F-C53FF5B671F1}.Debug|x86.Build.0 = Debug|Any CPU
		{31CEFA69-ABF1-489F-BB0F-C53FF5B671F1}.Release|Any CPU.ActiveCfg = Release|Any CPU
		{31CEFA69-ABF1-489F-BB0F-C53FF5B671F1}.Release|Any CPU.Build.0 = Release|Any CPU
		{31CEFA69-ABF1-489F-BB0F-C53FF5B671F1}.Release|x64.ActiveCfg = Release|Any CPU
		{31CEFA69-ABF1-489F-BB0F-C53FF5B671F1}.Release|x64.Build.0 = Release|Any CPU
		{31CEFA69-ABF1-489F-BB0F-C53FF5B671F1}.Release|x86.ActiveCfg = Release|Any CPU
		{31CEFA69-ABF1-489F-BB0F-C53FF5B671F1}.Release|x86.Build.0 = Release|Any CPU
		{52E587FB-15FC-40C4-A306-791207ED0DD1}.Debug|Any CPU.ActiveCfg = Debug|Any CPU
		{52E587FB-15FC-40C4-A306-791207ED0DD1}.Debug|Any CPU.Build.0 = Debug|Any CPU
		{52E587FB-15FC-40C4-A306-791207ED0DD1}.Debug|x64.ActiveCfg = Debug|Any CPU
		{52E587FB-15FC-40C4-A306-791207ED0DD1}.Debug|x64.Build.0 = Debug|Any CPU
		{52E587FB-15FC-40C4-A306-791207ED0DD1}.Debug|x86.ActiveCfg = Debug|Any CPU
		{52E587FB-15FC-40C4-A306-791207ED0DD1}.Debug|x86.Build.0 = Debug|Any CPU
		{52E587FB-15FC-40C4-A306-791207ED0DD1}.Release|Any CPU.ActiveCfg = Release|Any CPU
		{52E587FB-15FC-40C4-A306-791207ED0DD1}.Release|Any CPU.Build.0 = Release|Any CPU
		{52E587FB-15FC-40C4-A306-791207ED0DD1}.Release|x64.ActiveCfg = Release|Any CPU
		{52E587FB-15FC-40C4-A306-791207ED0DD1}.Release|x64.Build.0 = Release|Any CPU
		{52E587FB-15FC-40C4-A306-791207ED0DD1}.Release|x86.ActiveCfg = Release|Any CPU
		{52E587FB-15FC-40C4-A306-791207ED0DD1}.Release|x86.Build.0 = Release|Any CPU
	EndGlobalSection
	GlobalSection(NestedProjects) = preSolution
		{52E587FB-15FC-40C4-A306-791207ED0DD1} = {E28EE7E0-E1E0-4EB8-A883-82DD32D56469}
		{31CEFA69-ABF1-489F-BB0F-C53FF5B671F1} = {2A7F2171-2C79-4968-921F-967811CD07B9}
	EndGlobalSection
EndGlobal
